
Microsoft Visual Studio Solution File, Format Version 12.00
# Visual Studio Version 17
VisualStudioVersion = 17.5.2.0
MinimumVisualStudioVersion = 10.0.40219.1
Project("{FAE04EC0-301F-11D3-BF4B-00C04F79EFBC}") = "Converção de dólar para real", "Converção de dólar para real.csproj", "{9F6DE365-4081-CC92-F9A9-9816834330ED}"
EndProject
Global
	GlobalSection(SolutionConfigurationPlatforms) = preSolution
		Debug|Any CPU = Debug|Any CPU
		Release|Any CPU = Release|Any CPU
	EndGlobalSection
	GlobalSection(ProjectConfigurationPlatforms) = postSolution
		{9F6DE365-4081-CC92-F9A9-9816834330ED}.Debug|Any CPU.ActiveCfg = Debug|Any CPU
		{9F6DE365-4081-CC92-F9A9-9816834330ED}.Debug|Any CPU.Build.0 = Debug|Any CPU
		{9F6DE365-4081-CC92-F9A9-9816834330ED}.Release|Any CPU.ActiveCfg = Release|Any CPU
		{9F6DE365-4081-CC92-F9A9-9816834330ED}.Release|Any CPU.Build.0 = Release|Any CPU
	EndGlobalSection
	GlobalSection(SolutionProperties) = preSolution
		HideSolutionNode = FALSE
	EndGlobalSection
	GlobalSection(ExtensibilityGlobals) = postSolution
		SolutionGuid = {EFB02093-56DE-44C3-9AFE-AE07F6BF2E04}
	EndGlobalSection
EndGlobal
